
Microsoft Visual Studio Solution File, Format Version 12.00
# Visual Studio Version 16
VisualStudioVersion = 16.0.810.23
MinimumVisualStudioVersion = 10.0.40219.1
Project("{FAE04EC0-301F-11D3-BF4B-00C04F79EFBC}") = "SingletonPattern", "SingletonPattern.csproj", "{8A3CA3C1-2301-4D5E-A8FB-A7472F77E3F2}"
EndProject
Global
	GlobalSection(SolutionConfigurationPlatforms) = preSolution
		Debug|anycpu = Debug|anycpu
		Release|anycpu = Release|anycpu
	EndGlobalSection
	GlobalSection(ProjectConfigurationPlatforms) = postSolution
		{8A3CA3C1-2301-4D5E-A8FB-A7472F77E3F2}.Debug|anycpu.ActiveCfg = Debug|anycpu
		{8A3CA3C1-2301-4D5E-A8FB-A7472F77E3F2}.Debug|anycpu.Build.0 = Debug|anycpu
		{8A3CA3C1-2301-4D5E-A8FB-A7472F77E3F2}.Release|anycpu.ActiveCfg = Release|anycpu
		{8A3CA3C1-2301-4D5E-A8FB-A7472F77E3F2}.Release|anycpu.Build.0 = Release|anycpu
	EndGlobalSection
	GlobalSection(SolutionProperties) = preSolution
		HideSolutionNode = FALSE
	EndGlobalSection
	GlobalSection(ExtensibilityGlobals) = postSolution
		SolutionGuid = {95E64B73-AA41-46AD-9384-F333C3E73ADE}
	EndGlobalSection
EndGlobal
